
Microsoft Visual Studio Solution File, Format Version 12.00
# Visual Studio Version 17
VisualStudioVersion = 17.11.35222.181
MinimumVisualStudioVersion = 10.0.40219.1
Project("{FAE04EC0-301F-11D3-BF4B-00C04F79EFBC}") = "GIT版本控制練習", "GIT版本控制練習\GIT版本控制練習.csproj", "{843D589A-F445-47D2-BFF7-F72D29546DA4}"
EndProject
Global
	GlobalSection(SolutionConfigurationPlatforms) = preSolution
		Debug|Any CPU = Debug|Any CPU
		Release|Any CPU = Release|Any CPU
	EndGlobalSection
	GlobalSection(ProjectConfigurationPlatforms) = postSolution
		{843D589A-F445-47D2-BFF7-F72D29546DA4}.Debug|Any CPU.ActiveCfg = Debug|Any CPU
		{843D589A-F445-47D2-BFF7-F72D29546DA4}.Debug|Any CPU.Build.0 = Debug|Any CPU
		{843D589A-F445-47D2-BFF7-F72D29546DA4}.Release|Any CPU.ActiveCfg = Release|Any CPU
		{843D589A-F445-47D2-BFF7-F72D29546DA4}.Release|Any CPU.Build.0 = Release|Any CPU
	EndGlobalSection
	GlobalSection(SolutionProperties) = preSolution
		HideSolutionNode = FALSE
	EndGlobalSection
	GlobalSection(ExtensibilityGlobals) = postSolution
		SolutionGuid = {D72D8A4A-100B-4983-AB59-2E6A2C4D13E1}
	EndGlobalSection
EndGlobal
